
Microsoft Visual Studio Solution File, Format Version 12.00
# Visual Studio Version 16
VisualStudioVersion = 16.0.29920.165
MinimumVisualStudioVersion = 10.0.40219.1
Project("{888888A0-9F3D-457C-B088-3A5042F75D52}") = "http_svr", "http_svr\http_svr.pyproj", "{B686953F-FC5F-4C53-A0F0-B83D7A49ACA9}"
EndProject
Global
	GlobalSection(SolutionConfigurationPlatforms) = preSolution
		Debug|Any CPU = Debug|Any CPU
		Release|Any CPU = Release|Any CPU
	EndGlobalSection
	GlobalSection(ProjectConfigurationPlatforms) = postSolution
		{B686953F-FC5F-4C53-A0F0-B83D7A49ACA9}.Debug|Any CPU.ActiveCfg = Debug|Any CPU
		{B686953F-FC5F-4C53-A0F0-B83D7A49ACA9}.Release|Any CPU.ActiveCfg = Release|Any CPU
	EndGlobalSection
	GlobalSection(SolutionProperties) = preSolution
		HideSolutionNode = FALSE
	EndGlobalSection
	GlobalSection(ExtensibilityGlobals) = postSolution
		SolutionGuid = {DA61A747-F2D1-4832-8E37-D0943FE08B3A}
	EndGlobalSection
EndGlobal
